
Microsoft Visual Studio Solution File, Format Version 12.00
# Visual Studio Version 17
VisualStudioVersion = 17.7.34031.279
MinimumVisualStudioVersion = 10.0.40219.1
Project("{FAE04EC0-301F-11D3-BF4B-00C04F79EFBC}") = "DTO", "DTO\DTO.csproj", "{64B24ED9-9DBC-4769-8951-D8FD5986FB60}"
EndProject
Project("{FAE04EC0-301F-11D3-BF4B-00C04F79EFBC}") = "DAO", "DAO\DAO.csproj", "{314D0673-BDF4-4682-B261-D04CAF63A7C9}"
EndProject
Project("{FAE04EC0-301F-11D3-BF4B-00C04F79EFBC}") = "BUS", "BUS\BUS.csproj", "{B3348615-EECF-4AB4-BC05-D368FC282D16}"
EndProject
Project("{FAE04EC0-301F-11D3-BF4B-00C04F79EFBC}") = "GUI", "GUI\GUI.csproj", "{4EC815DC-93C1-4ADB-A004-FCD6B5C4109E}"
EndProject
Global
	GlobalSection(SolutionConfigurationPlatforms) = preSolution
		Debug|Any CPU = Debug|Any CPU
		Release|Any CPU = Release|Any CPU
	EndGlobalSection
	GlobalSection(ProjectConfigurationPlatforms) = postSolution
		{64B24ED9-9DBC-4769-8951-D8FD5986FB60}.Debug|Any CPU.ActiveCfg = Debug|Any CPU
		{64B24ED9-9DBC-4769-8951-D8FD5986FB60}.Debug|Any CPU.Build.0 = Debug|Any CPU
		{64B24ED9-9DBC-4769-8951-D8FD5986FB60}.Release|Any CPU.ActiveCfg = Release|Any CPU
		{64B24ED9-9DBC-4769-8951-D8FD5986FB60}.Release|Any CPU.Build.0 = Release|Any CPU
		{314D0673-BDF4-4682-B261-D04CAF63A7C9}.Debug|Any CPU.ActiveCfg = Debug|Any CPU
		{314D0673-BDF4-4682-B261-D04CAF63A7C9}.Debug|Any CPU.Build.0 = Debug|Any CPU
		{314D0673-BDF4-4682-B261-D04CAF63A7C9}.Release|Any CPU.ActiveCfg = Release|Any CPU
		{314D0673-BDF4-4682-B261-D04CAF63A7C9}.Release|Any CPU.Build.0 = Release|Any CPU
		{B3348615-EECF-4AB4-BC05-D368FC282D16}.Debug|Any CPU.ActiveCfg = Debug|Any CPU
		{B3348615-EECF-4AB4-BC05-D368FC282D16}.Debug|Any CPU.Build.0 = Debug|Any CPU
		{B3348615-EECF-4AB4-BC05-D368FC282D16}.Release|Any CPU.ActiveCfg = Release|Any CPU
		{B3348615-EECF-4AB4-BC05-D368FC282D16}.Release|Any CPU.Build.0 = Release|Any CPU
		{4EC815DC-93C1-4ADB-A004-FCD6B5C4109E}.Debug|Any CPU.ActiveCfg = Debug|Any CPU
		{4EC815DC-93C1-4ADB-A004-FCD6B5C4109E}.Debug|Any CPU.Build.0 = Debug|Any CPU
		{4EC815DC-93C1-4ADB-A004-FCD6B5C4109E}.Release|Any CPU.ActiveCfg = Release|Any CPU
		{4EC815DC-93C1-4ADB-A004-FCD6B5C4109E}.Release|Any CPU.Build.0 = Release|Any CPU
	EndGlobalSection
	GlobalSection(SolutionProperties) = preSolution
		HideSolutionNode = FALSE
	EndGlobalSection
	GlobalSection(ExtensibilityGlobals) = postSolution
		SolutionGuid = {FA8E4567-1C54-4B5E-88AB-17D97987D8A4}
	EndGlobalSection
EndGlobal
